
Microsoft Visual Studio Solution File, Format Version 12.00
# Visual Studio Version 16
VisualStudioVersion = 16.0.30413.136
MinimumVisualStudioVersion = 10.0.40219.1
Project("{FAE04EC0-301F-11D3-BF4B-00C04F79EFBC}") = "ZSixRestaurantAPI", "ZSixRestaurantAPI.csproj", "{987AA2EE-C86B-4E79-A7FA-B649EA674BF5}"
EndProject
Project("{FAE04EC0-301F-11D3-BF4B-00C04F79EFBC}") = "BAL", "..\BAL\BAL.csproj", "{CEAB78FB-A8CB-4CA8-B072-5CBB92FFDCB2}"
EndProject
Project("{FAE04EC0-301F-11D3-BF4B-00C04F79EFBC}") = "DAL", "..\DAL\DAL.csproj", "{BBB5A12B-FD35-4BA1-BF56-DB2B07AB438F}"
EndProject
Global
	GlobalSection(SolutionConfigurationPlatforms) = preSolution
		Debug|Any CPU = Debug|Any CPU
		Release|Any CPU = Release|Any CPU
	EndGlobalSection
	GlobalSection(ProjectConfigurationPlatforms) = postSolution
		{987AA2EE-C86B-4E79-A7FA-B649EA674BF5}.Debug|Any CPU.ActiveCfg = Debug|Any CPU
		{987AA2EE-C86B-4E79-A7FA-B649EA674BF5}.Debug|Any CPU.Build.0 = Debug|Any CPU
		{987AA2EE-C86B-4E79-A7FA-B649EA674BF5}.Release|Any CPU.ActiveCfg = Release|Any CPU
		{987AA2EE-C86B-4E79-A7FA-B649EA674BF5}.Release|Any CPU.Build.0 = Release|Any CPU
		{CEAB78FB-A8CB-4CA8-B072-5CBB92FFDCB2}.Debug|Any CPU.ActiveCfg = Debug|Any CPU
		{CEAB78FB-A8CB-4CA8-B072-5CBB92FFDCB2}.Debug|Any CPU.Build.0 = Debug|Any CPU
		{CEAB78FB-A8CB-4CA8-B072-5CBB92FFDCB2}.Release|Any CPU.ActiveCfg = Release|Any CPU
		{CEAB78FB-A8CB-4CA8-B072-5CBB92FFDCB2}.Release|Any CPU.Build.0 = Release|Any CPU
		{BBB5A12B-FD35-4BA1-BF56-DB2B07AB438F}.Debug|Any CPU.ActiveCfg = Debug|Any CPU
		{BBB5A12B-FD35-4BA1-BF56-DB2B07AB438F}.Debug|Any CPU.Build.0 = Debug|Any CPU
		{BBB5A12B-FD35-4BA1-BF56-DB2B07AB438F}.Release|Any CPU.ActiveCfg = Release|Any CPU
		{BBB5A12B-FD35-4BA1-BF56-DB2B07AB438F}.Release|Any CPU.Build.0 = Release|Any CPU
	EndGlobalSection
	GlobalSection(SolutionProperties) = preSolution
		HideSolutionNode = FALSE
	EndGlobalSection
	GlobalSection(ExtensibilityGlobals) = postSolution
		SolutionGuid = {E96C3B15-BDA7-46B1-9668-8312CFAAF0A7}
	EndGlobalSection
EndGlobal
